{
  "name": "resippy",
  "lockfileVersion": 3,
  "requires": true,
  "packages": {
    "": {
      "dependencies": {
        "@tiptap/extension-color": "^2.3.0",
        "@tiptap/extension-list-item": "^2.3.0",
        "@tiptap/extension-text-style": "^2.3.0",
        "@tiptap/extension-underline": "^2.3.0",
        "@tiptap/pm": "^2.3.0",
        "@tiptap/react": "^2.3.0",
        "@tiptap/starter-kit": "^2.3.0",
        "html-react-parser": "^5.1.10",
        "react-icons": "^5.0.1",
        "react-responsive": "^9.0.2"
      }
    },
    "node_modules/@popperjs/core": {
      "version": "2.11.8",
      "resolved": "https://registry.npmjs.org/@popperjs/core/-/core-2.11.8.tgz",
      "integrity": "sha512-P1st0aksCrn9sGZhp8GMYwBnQsbvAWsZAX44oXNNvLHGqAOcoVxmjZiohstwQ7SqKnbR47akdNi+uleWD8+g6A==",
      "funding": {
        "type": "opencollective",
        "url": "https://opencollective.com/popperjs"
      }
    },
    "node_modules/@remirror/core-constants": {
      "version": "2.0.2",
      "resolved": "https://registry.npmjs.org/@remirror/core-constants/-/core-constants-2.0.2.tgz",
      "integrity": "sha512-dyHY+sMF0ihPus3O27ODd4+agdHMEmuRdyiZJ2CCWjPV5UFmn17ZbElvk6WOGVE4rdCJKZQCrPV2BcikOMLUGQ=="
    },
    "node_modules/@tiptap/core": {
      "version": "2.3.0",
      "resolved": "https://registry.npmjs.org/@tiptap/core/-/core-2.3.0.tgz",
      "integrity": "sha512-Gk2JN3i5CMkYGmsbyFI7cBUftWa+F7QYmeCLTWfbuy+hCM2OBsnYVKxhggFPGXRL5KLBEgBWeCeWMHfIw3B2MA==",
      "funding": {
        "type": "github",
        "url": "https://github.com/sponsors/ueberdosis"
      },
      "peerDependencies": {
        "@tiptap/pm": "^2.0.0"
      }
    },
    "node_modules/@tiptap/extension-blockquote": {
      "version": "2.3.0",
      "resolved": "https://registry.npmjs.org/@tiptap/extension-blockquote/-/extension-blockquote-2.3.0.tgz",
      "integrity": "sha512-Cztt77t7f+f0fuPy+FWUL8rKTIpcdsVT0z0zYQFFafvGaom0ZALQSOdTR/q+Kle9I4DaCMO3/Q0mwax/D4k4+A==",
      "funding": {
        "type": "github",
        "url": "https://github.com/sponsors/ueberdosis"
      },
      "peerDependencies": {
        "@tiptap/core": "^2.0.0"
      }
    },
    "node_modules/@tiptap/extension-bold": {
      "version": "2.3.0",
      "resolved": "https://registry.npmjs.org/@tiptap/extension-bold/-/extension-bold-2.3.0.tgz",
      "integrity": "sha512-SzkbJibHXFNU7TRaAebTtwbXUEhGZ8+MhlBn12aQ4QhdjNtFpQwKXQPyYeDyZGcyiOFgtFTb+WIfCGm8ZX0Fpw==",
      "funding": {
        "type": "github",
        "url": "https://github.com/sponsors/ueberdosis"
      },
      "peerDependencies": {
        "@tiptap/core": "^2.0.0"
      }
    },
    "node_modules/@tiptap/extension-bubble-menu": {
      "version": "2.3.0",
      "resolved": "https://registry.npmjs.org/@tiptap/extension-bubble-menu/-/extension-bubble-menu-2.3.0.tgz",
      "integrity": "sha512-dqyfQ8idTlhapvt0fxCGvkyjw92pBEwPqmkJ01h3EE8wTh53j0ytOHyMSf1KBuzardxpd8Yya3zlrAcR0Z3DlQ==",
      "dependencies": {
        "tippy.js": "^6.3.7"
      },
      "funding": {
        "type": "github",
        "url": "https://github.com/sponsors/ueberdosis"
      },
      "peerDependencies": {
        "@tiptap/core": "^2.0.0",
        "@tiptap/pm": "^2.0.0"
      }
    },
    "node_modules/@tiptap/extension-bullet-list": {
      "version": "2.3.0",
      "resolved": "https://registry.npmjs.org/@tiptap/extension-bullet-list/-/extension-bullet-list-2.3.0.tgz",
      "integrity": "sha512-4nU4vJ5FjRDLqHm085vYAkuo68UK84Wl6CDSjm7sPVcu0FvQX02Okqt65azoSYQeS1SSSd5qq9YZuGWcYdp4Cw==",
      "funding": {
        "type": "github",
        "url": "https://github.com/sponsors/ueberdosis"
      },
      "peerDependencies": {
        "@tiptap/core": "^2.0.0"
      }
    },
    "node_modules/@tiptap/extension-code": {
      "version": "2.3.0",
      "resolved": "https://registry.npmjs.org/@tiptap/extension-code/-/extension-code-2.3.0.tgz",
      "integrity": "sha512-O2FZmosiIRoVbW82fZy8xW4h4gb2xAzxWzHEcsHPlwCbE3vYvcBMmbkQ5p+33eRtuRQInzl3Q/cwupv9ctIepQ==",
      "funding": {
        "type": "github",
        "url": "https://github.com/sponsors/ueberdosis"
      },
      "peerDependencies": {
        "@tiptap/core": "^2.0.0"
      }
    },
    "node_modules/@tiptap/extension-code-block": {
      "version": "2.3.0",
      "resolved": "https://registry.npmjs.org/@tiptap/extension-code-block/-/extension-code-block-2.3.0.tgz",
      "integrity": "sha512-+Ne6PRBwQt70Pp8aW2PewaEy4bHrNYn4N+y8MObsFtqLutXBz4nXnsXWiNYFQZwzlUY+CHG4XS73mx8oMOFfDw==",
      "funding": {
        "type": "github",
        "url": "https://github.com/sponsors/ueberdosis"
      },
      "peerDependencies": {
        "@tiptap/core": "^2.0.0",
        "@tiptap/pm": "^2.0.0"
      }
    },
    "node_modules/@tiptap/extension-color": {
      "version": "2.3.0",
      "resolved": "https://registry.npmjs.org/@tiptap/extension-color/-/extension-color-2.3.0.tgz",
      "integrity": "sha512-rqtdTaGawPZSRszwC/BlkJTF1diosIBBRSO5/YCRHT7CfGJNJyomL3eFREynXLKnXZ69SMceDh6yU6B54uTHXQ==",
      "funding": {
        "type": "github",
        "url": "https://github.com/sponsors/ueberdosis"
      },
      "peerDependencies": {
        "@tiptap/core": "^2.0.0",
        "@tiptap/extension-text-style": "^2.0.0"
      }
    },
    "node_modules/@tiptap/extension-document": {
      "version": "2.3.0",
      "resolved": "https://registry.npmjs.org/@tiptap/extension-document/-/extension-document-2.3.0.tgz",
      "integrity": "sha512-WC55SMrtlsNOnHXpzbXDzJOp7eKmZV0rXooKmvCDqoiLO/DKpyQXyF+0UHfcRPmUAi2GWFPaer7+p1H9xzcjXg==",
      "funding": {
        "type": "github",
        "url": "https://github.com/sponsors/ueberdosis"
      },
      "peerDependencies": {
        "@tiptap/core": "^2.0.0"
      }
    },
    "node_modules/@tiptap/extension-dropcursor": {
      "version": "2.3.0",
      "resolved": "https://registry.npmjs.org/@tiptap/extension-dropcursor/-/extension-dropcursor-2.3.0.tgz",
      "integrity": "sha512-WWxxGQPWdbzxyYP6jtBYSq4wMRhINhI0wBC8pgkxTVwCIWftMuYj++FP4LLIpuWgj78PWApuoM0QQxk4Lj7FOw==",
      "funding": {
        "type": "github",
        "url": "https://github.com/sponsors/ueberdosis"
      },
      "peerDependencies": {
        "@tiptap/core": "^2.0.0",
        "@tiptap/pm": "^2.0.0"
      }
    },
    "node_modules/@tiptap/extension-floating-menu": {
      "version": "2.3.0",
      "resolved": "https://registry.npmjs.org/@tiptap/extension-floating-menu/-/extension-floating-menu-2.3.0.tgz",
      "integrity": "sha512-bNY43/yU/+wGfmk2eDV7EPDAN/akbC+YnSKTA5VPJADzscvlrL2HlQrxbd/STIdlwKqdPU5MokcvCChhfZ4f6w==",
      "dependencies": {
        "tippy.js": "^6.3.7"
      },
      "funding": {
        "type": "github",
        "url": "https://github.com/sponsors/ueberdosis"
      },
      "peerDependencies": {
        "@tiptap/core": "^2.0.0",
        "@tiptap/pm": "^2.0.0"
      }
    },
    "node_modules/@tiptap/extension-gapcursor": {
      "version": "2.3.0",
      "resolved": "https://registry.npmjs.org/@tiptap/extension-gapcursor/-/extension-gapcursor-2.3.0.tgz",
      "integrity": "sha512-OxcXcfD0uzNcXdXu2ZpXFAtXIsgK2MBHvFUs0t0gxtcL/t43pTOQBLy+29Ei30BxpwLghtX8jQ6IDzMiybq/sA==",
      "funding": {
        "type": "github",
        "url": "https://github.com/sponsors/ueberdosis"
      },
      "peerDependencies": {
        "@tiptap/core": "^2.0.0",
        "@tiptap/pm": "^2.0.0"
      }
    },
    "node_modules/@tiptap/extension-hard-break": {
      "version": "2.3.0",
      "resolved": "https://registry.npmjs.org/@tiptap/extension-hard-break/-/extension-hard-break-2.3.0.tgz",
      "integrity": "sha512-9pXi69SzLabbjY5KZ54UKzu7HAHTla9aYZKH56VatOAiJOPKJppFbU2/NfJwGzDrEtfOiDqr3dYbUDF3RuCFoQ==",
      "funding": {
        "type": "github",
        "url": "https://github.com/sponsors/ueberdosis"
      },
      "peerDependencies": {
        "@tiptap/core": "^2.0.0"
      }
    },
    "node_modules/@tiptap/extension-heading": {
      "version": "2.3.0",
      "resolved": "https://registry.npmjs.org/@tiptap/extension-heading/-/extension-heading-2.3.0.tgz",
      "integrity": "sha512-YcZoUYfqb0nohoPgem4f8mjn5OqDomFrbJiC9VRHUOCIuEu+aJEYwp8mmdkLnS3f+LRCZ6G76cJJ50lkzSAZRw==",
      "funding": {
        "type": "github",
        "url": "https://github.com/sponsors/ueberdosis"
      },
      "peerDependencies": {
        "@tiptap/core": "^2.0.0"
      }
    },
    "node_modules/@tiptap/extension-history": {
      "version": "2.3.0",
      "resolved": "https://registry.npmjs.org/@tiptap/extension-history/-/extension-history-2.3.0.tgz",
      "integrity": "sha512-EF5Oq9fe/VBzU1Lsow2ubOlx1e1r4OQT1WUPGsRnL7pr94GH1Skpk7/hs9COJ9K6kP3Ebt42XjP0JEQodR58YA==",
      "funding": {
        "type": "github",
        "url": "https://github.com/sponsors/ueberdosis"
      },
      "peerDependencies": {
        "@tiptap/core": "^2.0.0",
        "@tiptap/pm": "^2.0.0"
      }
    },
    "node_modules/@tiptap/extension-horizontal-rule": {
      "version": "2.3.0",
      "resolved": "https://registry.npmjs.org/@tiptap/extension-horizontal-rule/-/extension-horizontal-rule-2.3.0.tgz",
      "integrity": "sha512-4DB8GU3uuDzzyqUmONIb3CHXcQ6Nuy4mHHkFSmUyEjg1i5eMQU5H7S6mNvZbltcJB2ImgCSwSMlj1kVN3MLIPg==",
      "funding": {
        "type": "github",
        "url": "https://github.com/sponsors/ueberdosis"
      },
      "peerDependencies": {
        "@tiptap/core": "^2.0.0",
        "@tiptap/pm": "^2.0.0"
      }
    },
    "node_modules/@tiptap/extension-italic": {
      "version": "2.3.0",
      "resolved": "https://registry.npmjs.org/@tiptap/extension-italic/-/extension-italic-2.3.0.tgz",
      "integrity": "sha512-jdFjLjdt5JtPlGMpoS6TEq5rznjbAYVlPwcw5VkYENVIYIGIR1ylIw2JwK1nUEsQ+OgYwVxHLejcUXWG1dCi2g==",
      "funding": {
        "type": "github",
        "url": "https://github.com/sponsors/ueberdosis"
      },
      "peerDependencies": {
        "@tiptap/core": "^2.0.0"
      }
    },
    "node_modules/@tiptap/extension-list-item": {
      "version": "2.3.0",
      "resolved": "https://registry.npmjs.org/@tiptap/extension-list-item/-/extension-list-item-2.3.0.tgz",
      "integrity": "sha512-mHU+IuRa56OT6YCtxf5Z7OSUrbWdKhGCEX7RTrteDVs5oMB6W3oF9j88M5qQmZ1WDcxvQhAOoXctnMt6eX9zcA==",
      "funding": {
        "type": "github",
        "url": "https://github.com/sponsors/ueberdosis"
      },
      "peerDependencies": {
        "@tiptap/core": "^2.0.0"
      }
    },
    "node_modules/@tiptap/extension-ordered-list": {
      "version": "2.3.0",
      "resolved": "https://registry.npmjs.org/@tiptap/extension-ordered-list/-/extension-ordered-list-2.3.0.tgz",
      "integrity": "sha512-gkf0tltXjlUj0cqyfDV2r7xy9YPKtcVSWwlCPun6OOi0KzKFiAMqQpA9hy2W6gJ+KCp8+KNRMClZOfH4TnnBfg==",
      "funding": {
        "type": "github",
        "url": "https://github.com/sponsors/ueberdosis"
      },
      "peerDependencies": {
        "@tiptap/core": "^2.0.0"
      }
    },
    "node_modules/@tiptap/extension-paragraph": {
      "version": "2.3.0",
      "resolved": "https://registry.npmjs.org/@tiptap/extension-paragraph/-/extension-paragraph-2.3.0.tgz",
      "integrity": "sha512-peCpA7DFqkd0cHb+cHv4YHNoMsXG8tKFNJlCHpLmsZWl2hWmpKgKmUrXAUfzjcFSvkZxn0xYc5oWbqUgg+2LzA==",
      "funding": {
        "type": "github",
        "url": "https://github.com/sponsors/ueberdosis"
      },
      "peerDependencies": {
        "@tiptap/core": "^2.0.0"
      }
    },
    "node_modules/@tiptap/extension-strike": {
      "version": "2.3.0",
      "resolved": "https://registry.npmjs.org/@tiptap/extension-strike/-/extension-strike-2.3.0.tgz",
      "integrity": "sha512-gOW4ALeH8gkJiUGGXVy/AOd5lAPTX0bzoOW1+sCLcTA7t8dluBW7M2ngNYxTEtlKqyv7aLfrgsYSiqucmmfSLw==",
      "funding": {
        "type": "github",
        "url": "https://github.com/sponsors/ueberdosis"
      },
      "peerDependencies": {
        "@tiptap/core": "^2.0.0"
      }
    },
    "node_modules/@tiptap/extension-text": {
      "version": "2.3.0",
      "resolved": "https://registry.npmjs.org/@tiptap/extension-text/-/extension-text-2.3.0.tgz",
      "integrity": "sha512-zkudl0TyKRy/8vHtyo5dMzjBRD0HEUnsS8YOsjR4xwQq5EYUXleRgM1s6lb6Yms2sLUAZRWdDddoQ686iq4zQg==",
      "funding": {
        "type": "github",
        "url": "https://github.com/sponsors/ueberdosis"
      },
      "peerDependencies": {
        "@tiptap/core": "^2.0.0"
      }
    },
    "node_modules/@tiptap/extension-text-style": {
      "version": "2.3.0",
      "resolved": "https://registry.npmjs.org/@tiptap/extension-text-style/-/extension-text-style-2.3.0.tgz",
      "integrity": "sha512-S+sQZqd+QtJjbZ0LOp0Krf0dlrdMx7BQL0sUNKPq8XXRMcfW0pEEFGIU/0VDFQCldLIuyd7lZ8zo5cjaAgskIA==",
      "funding": {
        "type": "github",
        "url": "https://github.com/sponsors/ueberdosis"
      },
      "peerDependencies": {
        "@tiptap/core": "^2.0.0"
      }
    },
    "node_modules/@tiptap/extension-underline": {
      "version": "2.3.0",
      "resolved": "https://registry.npmjs.org/@tiptap/extension-underline/-/extension-underline-2.3.0.tgz",
      "integrity": "sha512-vmmcwCPmWqGKYHZevz50+bxrpHyiu5y6YZweAE476hn8Mud6vYg7RpkXgW8bjkCOky6UA51uelslSc0XrLE6uw==",
      "funding": {
        "type": "github",
        "url": "https://github.com/sponsors/ueberdosis"
      },
      "peerDependencies": {
        "@tiptap/core": "^2.0.0"
      }
    },
    "node_modules/@tiptap/pm": {
      "version": "2.3.0",
      "resolved": "https://registry.npmjs.org/@tiptap/pm/-/pm-2.3.0.tgz",
      "integrity": "sha512-4WYqShZBwDyReKvapC0nmeYdOtZbZ31y4MjolpKQaSD4I7kg/oZspC+byUGdvIRsNpRN7i2X0IyvdISKk8gw5Q==",
      "dependencies": {
        "prosemirror-changeset": "^2.2.1",
        "prosemirror-collab": "^1.3.1",
        "prosemirror-commands": "^1.5.2",
        "prosemirror-dropcursor": "^1.8.1",
        "prosemirror-gapcursor": "^1.3.2",
        "prosemirror-history": "^1.3.2",
        "prosemirror-inputrules": "^1.3.0",
        "prosemirror-keymap": "^1.2.2",
        "prosemirror-markdown": "^1.12.0",
        "prosemirror-menu": "^1.2.4",
        "prosemirror-model": "^1.19.4",
        "prosemirror-schema-basic": "^1.2.2",
        "prosemirror-schema-list": "^1.3.0",
        "prosemirror-state": "^1.4.3",
        "prosemirror-tables": "^1.3.5",
        "prosemirror-trailing-node": "^2.0.7",
        "prosemirror-transform": "^1.8.0",
        "prosemirror-view": "^1.32.7"
      },
      "funding": {
        "type": "github",
        "url": "https://github.com/sponsors/ueberdosis"
      }
    },
    "node_modules/@tiptap/react": {
      "version": "2.3.0",
      "resolved": "https://registry.npmjs.org/@tiptap/react/-/react-2.3.0.tgz",
      "integrity": "sha512-ThgFJQTWYKRClTV2Zg0wBRqfy0EGz3U4NOey7jwncUjSjx5+o9nXbfQAYWDKQFfWyE+wnrBTYfddEP9pHNX5cQ==",
      "dependencies": {
        "@tiptap/extension-bubble-menu": "^2.3.0",
        "@tiptap/extension-floating-menu": "^2.3.0"
      },
      "funding": {
        "type": "github",
        "url": "https://github.com/sponsors/ueberdosis"
      },
      "peerDependencies": {
        "@tiptap/core": "^2.0.0",
        "@tiptap/pm": "^2.0.0",
        "react": "^17.0.0 || ^18.0.0",
        "react-dom": "^17.0.0 || ^18.0.0"
      }
    },
    "node_modules/@tiptap/starter-kit": {
      "version": "2.3.0",
      "resolved": "https://registry.npmjs.org/@tiptap/starter-kit/-/starter-kit-2.3.0.tgz",
      "integrity": "sha512-TjvCd/hzEnuEYOdr5uQqcfHOMuj7JRoZBPdheupwl3SbuYiCxtcqYyAE5qoGXWwuVe9xVGerOLVPkDUgmyrH6A==",
      "dependencies": {
        "@tiptap/core": "^2.3.0",
        "@tiptap/extension-blockquote": "^2.3.0",
        "@tiptap/extension-bold": "^2.3.0",
        "@tiptap/extension-bullet-list": "^2.3.0",
        "@tiptap/extension-code": "^2.3.0",
        "@tiptap/extension-code-block": "^2.3.0",
        "@tiptap/extension-document": "^2.3.0",
        "@tiptap/extension-dropcursor": "^2.3.0",
        "@tiptap/extension-gapcursor": "^2.3.0",
        "@tiptap/extension-hard-break": "^2.3.0",
        "@tiptap/extension-heading": "^2.3.0",
        "@tiptap/extension-history": "^2.3.0",
        "@tiptap/extension-horizontal-rule": "^2.3.0",
        "@tiptap/extension-italic": "^2.3.0",
        "@tiptap/extension-list-item": "^2.3.0",
        "@tiptap/extension-ordered-list": "^2.3.0",
        "@tiptap/extension-paragraph": "^2.3.0",
        "@tiptap/extension-strike": "^2.3.0",
        "@tiptap/extension-text": "^2.3.0"
      },
      "funding": {
        "type": "github",
        "url": "https://github.com/sponsors/ueberdosis"
      }
    },
    "node_modules/argparse": {
      "version": "2.0.1",
      "resolved": "https://registry.npmjs.org/argparse/-/argparse-2.0.1.tgz",
      "integrity": "sha512-8+9WqebbFzpX9OR+Wa6O29asIogeRMzcGtAINdpMHHyAg10f05aSFVBbcEqGf/PXw1EjAZ+q2/bEBg3DvurK3Q=="
    },
    "node_modules/crelt": {
      "version": "1.0.6",
      "resolved": "https://registry.npmjs.org/crelt/-/crelt-1.0.6.tgz",
      "integrity": "sha512-VQ2MBenTq1fWZUH9DJNGti7kKv6EeAuYr3cLwxUWhIu1baTaXh4Ib5W2CqHVqib4/MqbYGJqiL3Zb8GJZr3l4g=="
    },
    "node_modules/css-mediaquery": {
      "version": "0.1.2",
      "resolved": "https://registry.npmjs.org/css-mediaquery/-/css-mediaquery-0.1.2.tgz",
      "integrity": "sha512-COtn4EROW5dBGlE/4PiKnh6rZpAPxDeFLaEEwt4i10jpDMFt2EhQGS79QmmrO+iKCHv0PU/HrOWEhijFd1x99Q=="
    },
    "node_modules/dom-serializer": {
      "version": "2.0.0",
      "resolved": "https://registry.npmjs.org/dom-serializer/-/dom-serializer-2.0.0.tgz",
      "integrity": "sha512-wIkAryiqt/nV5EQKqQpo3SToSOV9J0DnbJqwK7Wv/Trc92zIAYZ4FlMu+JPFW1DfGFt81ZTCGgDEabffXeLyJg==",
      "dependencies": {
        "domelementtype": "^2.3.0",
        "domhandler": "^5.0.2",
        "entities": "^4.2.0"
      },
      "funding": {
        "url": "https://github.com/cheeriojs/dom-serializer?sponsor=1"
      }
    },
    "node_modules/domelementtype": {
      "version": "2.3.0",
      "resolved": "https://registry.npmjs.org/domelementtype/-/domelementtype-2.3.0.tgz",
      "integrity": "sha512-OLETBj6w0OsagBwdXnPdN0cnMfF9opN69co+7ZrbfPGrdpPVNBUj02spi6B1N7wChLQiPn4CSH/zJvXw56gmHw==",
      "funding": [
        {
          "type": "github",
          "url": "https://github.com/sponsors/fb55"
        }
      ]
    },
    "node_modules/domhandler": {
      "version": "5.0.3",
      "resolved": "https://registry.npmjs.org/domhandler/-/domhandler-5.0.3.tgz",
      "integrity": "sha512-cgwlv/1iFQiFnU96XXgROh8xTeetsnJiDsTc7TYCLFd9+/WNkIqPTxiM/8pSd8VIrhXGTf1Ny1q1hquVqDJB5w==",
      "dependencies": {
        "domelementtype": "^2.3.0"
      },
      "engines": {
        "node": ">= 4"
      },
      "funding": {
        "url": "https://github.com/fb55/domhandler?sponsor=1"
      }
    },
    "node_modules/domutils": {
      "version": "3.1.0",
      "resolved": "https://registry.npmjs.org/domutils/-/domutils-3.1.0.tgz",
      "integrity": "sha512-H78uMmQtI2AhgDJjWeQmHwJJ2bLPD3GMmO7Zja/ZZh84wkm+4ut+IUnUdRa8uCGX88DiVx1j6FRe1XfxEgjEZA==",
      "dependencies": {
        "dom-serializer": "^2.0.0",
        "domelementtype": "^2.3.0",
        "domhandler": "^5.0.3"
      },
      "funding": {
        "url": "https://github.com/fb55/domutils?sponsor=1"
      }
    },
    "node_modules/entities": {
      "version": "4.5.0",
      "resolved": "https://registry.npmjs.org/entities/-/entities-4.5.0.tgz",
      "integrity": "sha512-V0hjH4dGPh9Ao5p0MoRY6BVqtwCjhz6vI5LT8AJ55H+4g9/4vbHx1I54fS0XuclLhDHArPQCiMjDxjaL8fPxhw==",
      "engines": {
        "node": ">=0.12"
      },
      "funding": {
        "url": "https://github.com/fb55/entities?sponsor=1"
      }
    },
    "node_modules/escape-string-regexp": {
      "version": "4.0.0",
      "resolved": "https://registry.npmjs.org/escape-string-regexp/-/escape-string-regexp-4.0.0.tgz",
      "integrity": "sha512-TtpcNJ3XAzx3Gq8sWRzJaVajRs0uVxA2YAkdb1jm2YkPz4G6egUFAyA3n5vtEIZefPk5Wa4UXbKuS5fKkJWdgA==",
      "engines": {
        "node": ">=10"
      },
      "funding": {
        "url": "https://github.com/sponsors/sindresorhus"
      }
    },
    "node_modules/html-dom-parser": {
      "version": "5.0.8",
      "resolved": "https://registry.npmjs.org/html-dom-parser/-/html-dom-parser-5.0.8.tgz",
      "integrity": "sha512-vuWiX9EXgu8CJ5m9EP5c7bvBmNSuQVnrY8tl0z0ZX96Uth1IPlYH/8W8VZ/hBajFf18EN+j2pukbCNd01HEd1w==",
      "dependencies": {
        "domhandler": "5.0.3",
        "htmlparser2": "9.1.0"
      }
    },
    "node_modules/html-react-parser": {
      "version": "5.1.10",
      "resolved": "https://registry.npmjs.org/html-react-parser/-/html-react-parser-5.1.10.tgz",
      "integrity": "sha512-gV22PvLij4wdEdtrZbGVC7Zy2OVWnQ0bYhX63S196ZRSx4+K0TuutCreHSXr+saUia8KeKB+2TYziVfijpH4Tw==",
      "dependencies": {
        "domhandler": "5.0.3",
        "html-dom-parser": "5.0.8",
        "react-property": "2.0.2",
        "style-to-js": "1.1.12"
      },
      "peerDependencies": {
        "@types/react": "17 || 18",
        "react": "0.14 || 15 || 16 || 17 || 18"
      },
      "peerDependenciesMeta": {
        "@types/react": {
          "optional": true
        }
      }
    },
    "node_modules/htmlparser2": {
      "version": "9.1.0",
      "resolved": "https://registry.npmjs.org/htmlparser2/-/htmlparser2-9.1.0.tgz",
      "integrity": "sha512-5zfg6mHUoaer/97TxnGpxmbR7zJtPwIYFMZ/H5ucTlPZhKvtum05yiPK3Mgai3a0DyVxv7qYqoweaEd2nrYQzQ==",
      "funding": [
        "https://github.com/fb55/htmlparser2?sponsor=1",
        {
          "type": "github",
          "url": "https://github.com/sponsors/fb55"
        }
      ],
      "dependencies": {
        "domelementtype": "^2.3.0",
        "domhandler": "^5.0.3",
        "domutils": "^3.1.0",
        "entities": "^4.5.0"
      }
    },
    "node_modules/hyphenate-style-name": {
      "version": "1.0.4",
      "resolved": "https://registry.npmjs.org/hyphenate-style-name/-/hyphenate-style-name-1.0.4.tgz",
      "integrity": "sha512-ygGZLjmXfPHj+ZWh6LwbC37l43MhfztxetbFCoYTM2VjkIUpeHgSNn7QIyVFj7YQ1Wl9Cbw5sholVJPzWvC2MQ=="
    },
    "node_modules/inline-style-parser": {
      "version": "0.2.3",
      "resolved": "https://registry.npmjs.org/inline-style-parser/-/inline-style-parser-0.2.3.tgz",
      "integrity": "sha512-qlD8YNDqyTKTyuITrDOffsl6Tdhv+UC4hcdAVuQsK4IMQ99nSgd1MIA/Q+jQYoh9r3hVUXhYh7urSRmXPkW04g=="
    },
    "node_modules/js-tokens": {
      "version": "4.0.0",
      "resolved": "https://registry.npmjs.org/js-tokens/-/js-tokens-4.0.0.tgz",
      "integrity": "sha512-RdJUflcE3cUzKiMqQgsCu06FPu9UdIJO0beYbPhHN4k6apgJtifcoCtT9bcxOpYBtpD2kCM6Sbzg4CausW/PKQ=="
    },
    "node_modules/linkify-it": {
      "version": "5.0.0",
      "resolved": "https://registry.npmjs.org/linkify-it/-/linkify-it-5.0.0.tgz",
      "integrity": "sha512-5aHCbzQRADcdP+ATqnDuhhJ/MRIqDkZX5pyjFHRRysS8vZ5AbqGEoFIb6pYHPZ+L/OC2Lc+xT8uHVVR5CAK/wQ==",
      "dependencies": {
        "uc.micro": "^2.0.0"
      }
    },
    "node_modules/loose-envify": {
      "version": "1.4.0",
      "resolved": "https://registry.npmjs.org/loose-envify/-/loose-envify-1.4.0.tgz",
      "integrity": "sha512-lyuxPGr/Wfhrlem2CL/UcnUc1zcqKAImBDzukY7Y5F/yQiNdko6+fRLevlw1HgMySw7f611UIY408EtxRSoK3Q==",
      "dependencies": {
        "js-tokens": "^3.0.0 || ^4.0.0"
      },
      "bin": {
        "loose-envify": "cli.js"
      }
    },
    "node_modules/markdown-it": {
      "version": "14.1.0",
      "resolved": "https://registry.npmjs.org/markdown-it/-/markdown-it-14.1.0.tgz",
      "integrity": "sha512-a54IwgWPaeBCAAsv13YgmALOF1elABB08FxO9i+r4VFk5Vl4pKokRPeX8u5TCgSsPi6ec1otfLjdOpVcgbpshg==",
      "dependencies": {
        "argparse": "^2.0.1",
        "entities": "^4.4.0",
        "linkify-it": "^5.0.0",
        "mdurl": "^2.0.0",
        "punycode.js": "^2.3.1",
        "uc.micro": "^2.1.0"
      },
      "bin": {
        "markdown-it": "bin/markdown-it.mjs"
      }
    },
    "node_modules/matchmediaquery": {
      "version": "0.3.1",
      "resolved": "https://registry.npmjs.org/matchmediaquery/-/matchmediaquery-0.3.1.tgz",
      "integrity": "sha512-Hlk20WQHRIm9EE9luN1kjRjYXAQToHOIAHPJn9buxBwuhfTHoKUcX+lXBbxc85DVQfXYbEQ4HcwQdd128E3qHQ==",
      "dependencies": {
        "css-mediaquery": "^0.1.2"
      }
    },
    "node_modules/mdurl": {
      "version": "2.0.0",
      "resolved": "https://registry.npmjs.org/mdurl/-/mdurl-2.0.0.tgz",
      "integrity": "sha512-Lf+9+2r+Tdp5wXDXC4PcIBjTDtq4UKjCPMQhKIuzpJNW0b96kVqSwW0bT7FhRSfmAiFYgP+SCRvdrDozfh0U5w=="
    },
    "node_modules/object-assign": {
      "version": "4.1.1",
      "resolved": "https://registry.npmjs.org/object-assign/-/object-assign-4.1.1.tgz",
      "integrity": "sha512-rJgTQnkUnH1sFw8yT6VSU3zD3sWmu6sZhIseY8VX+GRu3P6F7Fu+JNDoXfklElbLJSnc3FUQHVe4cU5hj+BcUg==",
      "engines": {
        "node": ">=0.10.0"
      }
    },
    "node_modules/orderedmap": {
      "version": "2.1.1",
      "resolved": "https://registry.npmjs.org/orderedmap/-/orderedmap-2.1.1.tgz",
      "integrity": "sha512-TvAWxi0nDe1j/rtMcWcIj94+Ffe6n7zhow33h40SKxmsmozs6dz/e+EajymfoFcHd7sxNn8yHM8839uixMOV6g=="
    },
    "node_modules/prop-types": {
      "version": "15.8.1",
      "resolved": "https://registry.npmjs.org/prop-types/-/prop-types-15.8.1.tgz",
      "integrity": "sha512-oj87CgZICdulUohogVAR7AjlC0327U4el4L6eAvOqCeudMDVU0NThNaV+b9Df4dXgSP1gXMTnPdhfe/2qDH5cg==",
      "dependencies": {
        "loose-envify": "^1.4.0",
        "object-assign": "^4.1.1",
        "react-is": "^16.13.1"
      }
    },
    "node_modules/prosemirror-changeset": {
      "version": "2.2.1",
      "resolved": "https://registry.npmjs.org/prosemirror-changeset/-/prosemirror-changeset-2.2.1.tgz",
      "integrity": "sha512-J7msc6wbxB4ekDFj+n9gTW/jav/p53kdlivvuppHsrZXCaQdVgRghoZbSS3kwrRyAstRVQ4/+u5k7YfLgkkQvQ==",
      "dependencies": {
        "prosemirror-transform": "^1.0.0"
      }
    },
    "node_modules/prosemirror-collab": {
      "version": "1.3.1",
      "resolved": "https://registry.npmjs.org/prosemirror-collab/-/prosemirror-collab-1.3.1.tgz",
      "integrity": "sha512-4SnynYR9TTYaQVXd/ieUvsVV4PDMBzrq2xPUWutHivDuOshZXqQ5rGbZM84HEaXKbLdItse7weMGOUdDVcLKEQ==",
      "dependencies": {
        "prosemirror-state": "^1.0.0"
      }
    },
    "node_modules/prosemirror-commands": {
      "version": "1.5.2",
      "resolved": "https://registry.npmjs.org/prosemirror-commands/-/prosemirror-commands-1.5.2.tgz",
      "integrity": "sha512-hgLcPaakxH8tu6YvVAaILV2tXYsW3rAdDR8WNkeKGcgeMVQg3/TMhPdVoh7iAmfgVjZGtcOSjKiQaoeKjzd2mQ==",
      "dependencies": {
        "prosemirror-model": "^1.0.0",
        "prosemirror-state": "^1.0.0",
        "prosemirror-transform": "^1.0.0"
      }
    },
    "node_modules/prosemirror-dropcursor": {
      "version": "1.8.1",
      "resolved": "https://registry.npmjs.org/prosemirror-dropcursor/-/prosemirror-dropcursor-1.8.1.tgz",
      "integrity": "sha512-M30WJdJZLyXHi3N8vxN6Zh5O8ZBbQCz0gURTfPmTIBNQ5pxrdU7A58QkNqfa98YEjSAL1HUyyU34f6Pm5xBSGw==",
      "dependencies": {
        "prosemirror-state": "^1.0.0",
        "prosemirror-transform": "^1.1.0",
        "prosemirror-view": "^1.1.0"
      }
    },
    "node_modules/prosemirror-gapcursor": {
      "version": "1.3.2",
      "resolved": "https://registry.npmjs.org/prosemirror-gapcursor/-/prosemirror-gapcursor-1.3.2.tgz",
      "integrity": "sha512-wtjswVBd2vaQRrnYZaBCbyDqr232Ed4p2QPtRIUK5FuqHYKGWkEwl08oQM4Tw7DOR0FsasARV5uJFvMZWxdNxQ==",
      "dependencies": {
        "prosemirror-keymap": "^1.0.0",
        "prosemirror-model": "^1.0.0",
        "prosemirror-state": "^1.0.0",
        "prosemirror-view": "^1.0.0"
      }
    },
    "node_modules/prosemirror-history": {
      "version": "1.4.0",
      "resolved": "https://registry.npmjs.org/prosemirror-history/-/prosemirror-history-1.4.0.tgz",
      "integrity": "sha512-UUiGzDVcqo1lovOPdi9YxxUps3oBFWAIYkXLu3Ot+JPv1qzVogRbcizxK3LhHmtaUxclohgiOVesRw5QSlMnbQ==",
      "dependencies": {
        "prosemirror-state": "^1.2.2",
        "prosemirror-transform": "^1.0.0",
        "prosemirror-view": "^1.31.0",
        "rope-sequence": "^1.3.0"
      }
    },
    "node_modules/prosemirror-inputrules": {
      "version": "1.4.0",
      "resolved": "https://registry.npmjs.org/prosemirror-inputrules/-/prosemirror-inputrules-1.4.0.tgz",
      "integrity": "sha512-6ygpPRuTJ2lcOXs9JkefieMst63wVJBgHZGl5QOytN7oSZs3Co/BYbc3Yx9zm9H37Bxw8kVzCnDsihsVsL4yEg==",
      "dependencies": {
        "prosemirror-state": "^1.0.0",
        "prosemirror-transform": "^1.0.0"
      }
    },
    "node_modules/prosemirror-keymap": {
      "version": "1.2.2",
      "resolved": "https://registry.npmjs.org/prosemirror-keymap/-/prosemirror-keymap-1.2.2.tgz",
      "integrity": "sha512-EAlXoksqC6Vbocqc0GtzCruZEzYgrn+iiGnNjsJsH4mrnIGex4qbLdWWNza3AW5W36ZRrlBID0eM6bdKH4OStQ==",
      "dependencies": {
        "prosemirror-state": "^1.0.0",
        "w3c-keyname": "^2.2.0"
      }
    },
    "node_modules/prosemirror-markdown": {
      "version": "1.12.0",
      "resolved": "https://registry.npmjs.org/prosemirror-markdown/-/prosemirror-markdown-1.12.0.tgz",
      "integrity": "sha512-6F5HS8Z0HDYiS2VQDZzfZP6A0s/I0gbkJy8NCzzDMtcsz3qrfqyroMMeoSjAmOhDITyon11NbXSzztfKi+frSQ==",
      "dependencies": {
        "markdown-it": "^14.0.0",
        "prosemirror-model": "^1.0.0"
      }
    },
    "node_modules/prosemirror-menu": {
      "version": "1.2.4",
      "resolved": "https://registry.npmjs.org/prosemirror-menu/-/prosemirror-menu-1.2.4.tgz",
      "integrity": "sha512-S/bXlc0ODQup6aiBbWVsX/eM+xJgCTAfMq/nLqaO5ID/am4wS0tTCIkzwytmao7ypEtjj39i7YbJjAgO20mIqA==",
      "dependencies": {
        "crelt": "^1.0.0",
        "prosemirror-commands": "^1.0.0",
        "prosemirror-history": "^1.0.0",
        "prosemirror-state": "^1.0.0"
      }
    },
    "node_modules/prosemirror-model": {
      "version": "1.20.0",
      "resolved": "https://registry.npmjs.org/prosemirror-model/-/prosemirror-model-1.20.0.tgz",
      "integrity": "sha512-q7AY7vMjKYqDCeoedgUiAgrLabliXxndJuuFmcmc2+YU1SblvnOiG2WEACF2lwAZsMlfLpiAilA3L+TWlDqIsQ==",
      "dependencies": {
        "orderedmap": "^2.0.0"
      }
    },
    "node_modules/prosemirror-schema-basic": {
      "version": "1.2.2",
      "resolved": "https://registry.npmjs.org/prosemirror-schema-basic/-/prosemirror-schema-basic-1.2.2.tgz",
      "integrity": "sha512-/dT4JFEGyO7QnNTe9UaKUhjDXbTNkiWTq/N4VpKaF79bBjSExVV2NXmJpcM7z/gD7mbqNjxbmWW5nf1iNSSGnw==",
      "dependencies": {
        "prosemirror-model": "^1.19.0"
      }
    },
    "node_modules/prosemirror-schema-list": {
      "version": "1.3.0",
      "resolved": "https://registry.npmjs.org/prosemirror-schema-list/-/prosemirror-schema-list-1.3.0.tgz",
      "integrity": "sha512-Hz/7gM4skaaYfRPNgr421CU4GSwotmEwBVvJh5ltGiffUJwm7C8GfN/Bc6DR1EKEp5pDKhODmdXXyi9uIsZl5A==",
      "dependencies": {
        "prosemirror-model": "^1.0.0",
        "prosemirror-state": "^1.0.0",
        "prosemirror-transform": "^1.7.3"
      }
    },
    "node_modules/prosemirror-state": {
      "version": "1.4.3",
      "resolved": "https://registry.npmjs.org/prosemirror-state/-/prosemirror-state-1.4.3.tgz",
      "integrity": "sha512-goFKORVbvPuAQaXhpbemJFRKJ2aixr+AZMGiquiqKxaucC6hlpHNZHWgz5R7dS4roHiwq9vDctE//CZ++o0W1Q==",
      "dependencies": {
        "prosemirror-model": "^1.0.0",
        "prosemirror-transform": "^1.0.0",
        "prosemirror-view": "^1.27.0"
      }
    },
    "node_modules/prosemirror-tables": {
      "version": "1.3.7",
      "resolved": "https://registry.npmjs.org/prosemirror-tables/-/prosemirror-tables-1.3.7.tgz",
      "integrity": "sha512-oEwX1wrziuxMtwFvdDWSFHVUWrFJWt929kVVfHvtTi8yvw+5ppxjXZkMG/fuTdFo+3DXyIPSKfid+Be1npKXDA==",
      "dependencies": {
        "prosemirror-keymap": "^1.1.2",
        "prosemirror-model": "^1.8.1",
        "prosemirror-state": "^1.3.1",
        "prosemirror-transform": "^1.2.1",
        "prosemirror-view": "^1.13.3"
      }
    },
    "node_modules/prosemirror-trailing-node": {
      "version": "2.0.8",
      "resolved": "https://registry.npmjs.org/prosemirror-trailing-node/-/prosemirror-trailing-node-2.0.8.tgz",
      "integrity": "sha512-ujRYhSuhQb1Jsarh1IHqb2KoSnRiD7wAMDGucP35DN7j5af6X7B18PfdPIrbwsPTqIAj0fyOvxbuPsWhNvylmA==",
      "dependencies": {
        "@remirror/core-constants": "^2.0.2",
        "escape-string-regexp": "^4.0.0"
      },
      "peerDependencies": {
        "prosemirror-model": "^1.19.0",
        "prosemirror-state": "^1.4.2",
        "prosemirror-view": "^1.31.2"
      }
    },
    "node_modules/prosemirror-transform": {
      "version": "1.8.0",
      "resolved": "https://registry.npmjs.org/prosemirror-transform/-/prosemirror-transform-1.8.0.tgz",
      "integrity": "sha512-BaSBsIMv52F1BVVMvOmp1yzD3u65uC3HTzCBQV1WDPqJRQ2LuHKcyfn0jwqodo8sR9vVzMzZyI+Dal5W9E6a9A==",
      "dependencies": {
        "prosemirror-model": "^1.0.0"
      }
    },
    "node_modules/prosemirror-view": {
      "version": "1.33.4",
      "resolved": "https://registry.npmjs.org/prosemirror-view/-/prosemirror-view-1.33.4.tgz",
      "integrity": "sha512-xQqAhH8/HGleVpKDhQsrd+oqdyeKMxFtdCWDxWMmP+n0k27fBpyUqa8pA+RB5cFY8rqDDc1hll69aRZQa7UaAw==",
      "dependencies": {
        "prosemirror-model": "^1.20.0",
        "prosemirror-state": "^1.0.0",
        "prosemirror-transform": "^1.1.0"
      }
    },
    "node_modules/punycode.js": {
      "version": "2.3.1",
      "resolved": "https://registry.npmjs.org/punycode.js/-/punycode.js-2.3.1.tgz",
      "integrity": "sha512-uxFIHU0YlHYhDQtV4R9J6a52SLx28BCjT+4ieh7IGbgwVJWO+km431c4yRlREUAsAmt/uMjQUyQHNEPf0M39CA==",
      "engines": {
        "node": ">=6"
      }
    },
    "node_modules/react-icons": {
      "version": "5.0.1",
      "resolved": "https://registry.npmjs.org/react-icons/-/react-icons-5.0.1.tgz",
      "integrity": "sha512-WqLZJ4bLzlhmsvme6iFdgO8gfZP17rfjYEJ2m9RsZjZ+cc4k1hTzknEz63YS1MeT50kVzoa1Nz36f4BEx+Wigw==",
      "peerDependencies": {
        "react": "*"
      }
    },
    "node_modules/react-is": {
      "version": "16.13.1",
      "resolved": "https://registry.npmjs.org/react-is/-/react-is-16.13.1.tgz",
      "integrity": "sha512-24e6ynE2H+OKt4kqsOvNd8kBpV65zoxbA4BVsEOB3ARVWQki/DHzaUoC5KuON/BiccDaCCTZBuOcfZs70kR8bQ=="
    },
    "node_modules/react-property": {
      "version": "2.0.2",
      "resolved": "https://registry.npmjs.org/react-property/-/react-property-2.0.2.tgz",
      "integrity": "sha512-+PbtI3VuDV0l6CleQMsx2gtK0JZbZKbpdu5ynr+lbsuvtmgbNcS3VM0tuY2QjFNOcWxvXeHjDpy42RO+4U2rug=="
    },
    "node_modules/react-responsive": {
      "version": "9.0.2",
      "resolved": "https://registry.npmjs.org/react-responsive/-/react-responsive-9.0.2.tgz",
      "integrity": "sha512-+4CCab7z8G8glgJoRjAwocsgsv6VA2w7JPxFWHRc7kvz8mec1/K5LutNC2MG28Mn8mu6+bu04XZxHv5gyfT7xQ==",
      "dependencies": {
        "hyphenate-style-name": "^1.0.0",
        "matchmediaquery": "^0.3.0",
        "prop-types": "^15.6.1",
        "shallow-equal": "^1.2.1"
      },
      "engines": {
        "node": ">=0.10"
      },
      "peerDependencies": {
        "react": ">=16.8.0"
      }
    },
    "node_modules/rope-sequence": {
      "version": "1.3.4",
      "resolved": "https://registry.npmjs.org/rope-sequence/-/rope-sequence-1.3.4.tgz",
      "integrity": "sha512-UT5EDe2cu2E/6O4igUr5PSFs23nvvukicWHx6GnOPlHAiiYbzNuCRQCuiUdHJQcqKalLKlrYJnjY0ySGsXNQXQ=="
    },
    "node_modules/shallow-equal": {
      "version": "1.2.1",
      "resolved": "https://registry.npmjs.org/shallow-equal/-/shallow-equal-1.2.1.tgz",
      "integrity": "sha512-S4vJDjHHMBaiZuT9NPb616CSmLf618jawtv3sufLl6ivK8WocjAo58cXwbRV1cgqxH0Qbv+iUt6m05eqEa2IRA=="
    },
    "node_modules/style-to-js": {
      "version": "1.1.12",
      "resolved": "https://registry.npmjs.org/style-to-js/-/style-to-js-1.1.12.tgz",
      "integrity": "sha512-tv+/FkgNYHI2fvCoBMsqPHh5xovwiw+C3X0Gfnss/Syau0Nr3IqGOJ9XiOYXoPnToHVbllKFf5qCNFJGwFg5mg==",
      "dependencies": {
        "style-to-object": "1.0.6"
      }
    },
    "node_modules/style-to-object": {
      "version": "1.0.6",
      "resolved": "https://registry.npmjs.org/style-to-object/-/style-to-object-1.0.6.tgz",
      "integrity": "sha512-khxq+Qm3xEyZfKd/y9L3oIWQimxuc4STrQKtQn8aSDRHb8mFgpukgX1hdzfrMEW6JCjyJ8p89x+IUMVnCBI1PA==",
      "dependencies": {
        "inline-style-parser": "0.2.3"
      }
    },
    "node_modules/tippy.js": {
      "version": "6.3.7",
      "resolved": "https://registry.npmjs.org/tippy.js/-/tippy.js-6.3.7.tgz",
      "integrity": "sha512-E1d3oP2emgJ9dRQZdf3Kkn0qJgI6ZLpyS5z6ZkY1DF3kaQaBsGZsndEpHwx+eC+tYM41HaSNvNtLx8tU57FzTQ==",
      "dependencies": {
        "@popperjs/core": "^2.9.0"
      }
    },
    "node_modules/uc.micro": {
      "version": "2.1.0",
      "resolved": "https://registry.npmjs.org/uc.micro/-/uc.micro-2.1.0.tgz",
      "integrity": "sha512-ARDJmphmdvUk6Glw7y9DQ2bFkKBHwQHLi2lsaH6PPmz/Ka9sFOBsBluozhDltWmnv9u/cF6Rt87znRTPV+yp/A=="
    },
    "node_modules/w3c-keyname": {
      "version": "2.2.8",
      "resolved": "https://registry.npmjs.org/w3c-keyname/-/w3c-keyname-2.2.8.tgz",
      "integrity": "sha512-dpojBhNsCNN7T82Tm7k26A6G9ML3NkhDsnw9n/eoxSRlVBB4CEtIQ/KTCLI2Fwf3ataSXRhYFkQi3SlnFwPvPQ=="
    }
  }
}
